
Microsoft Visual Studio Solution File, Format Version 12.00
# Visual Studio Version 17
VisualStudioVersion = 17.3.32901.215
MinimumVisualStudioVersion = 10.0.40219.1
Project("{FAE04EC0-301F-11D3-BF4B-00C04F79EFBC}") = "FilmesAPI", "FilmesAPI\FilmesAPI.csproj", "{45322220-8F4C-4F86-B085-0E14539C6FDB}"
EndProject
Global
	GlobalSection(SolutionConfigurationPlatforms) = preSolution
		Debug|Any CPU = Debug|Any CPU
		Release|Any CPU = Release|Any CPU
	EndGlobalSection
	GlobalSection(ProjectConfigurationPlatforms) = postSolution
		{45322220-8F4C-4F86-B085-0E14539C6FDB}.Debug|Any CPU.ActiveCfg = Debug|Any CPU
		{45322220-8F4C-4F86-B085-0E14539C6FDB}.Debug|Any CPU.Build.0 = Debug|Any CPU
		{45322220-8F4C-4F86-B085-0E14539C6FDB}.Release|Any CPU.ActiveCfg = Release|Any CPU
		{45322220-8F4C-4F86-B085-0E14539C6FDB}.Release|Any CPU.Build.0 = Release|Any CPU
	EndGlobalSection
	GlobalSection(SolutionProperties) = preSolution
		HideSolutionNode = FALSE
	EndGlobalSection
	GlobalSection(ExtensibilityGlobals) = postSolution
		SolutionGuid = {1878F881-764A-401E-8B03-66DD15FC4D3C}
	EndGlobalSection
EndGlobal
